
Microsoft Visual Studio Solution File, Format Version 12.00
# Visual Studio Version 17
VisualStudioVersion = 17.0.31521.260
MinimumVisualStudioVersion = 10.0.40219.1
Project("{FAE04EC0-301F-11D3-BF4B-00C04F79EFBC}") = "Constructor", "Constructor.csproj", "{A40DD574-2900-4D93-9DD8-4BC4005B7422}"
EndProject
Global
	GlobalSection(SolutionConfigurationPlatforms) = preSolution
		Debug|Any CPU = Debug|Any CPU
		Release|Any CPU = Release|Any CPU
	EndGlobalSection
	GlobalSection(ProjectConfigurationPlatforms) = postSolution
		{A40DD574-2900-4D93-9DD8-4BC4005B7422}.Debug|Any CPU.ActiveCfg = Debug|Any CPU
		{A40DD574-2900-4D93-9DD8-4BC4005B7422}.Debug|Any CPU.Build.0 = Debug|Any CPU
		{A40DD574-2900-4D93-9DD8-4BC4005B7422}.Release|Any CPU.ActiveCfg = Release|Any CPU
		{A40DD574-2900-4D93-9DD8-4BC4005B7422}.Release|Any CPU.Build.0 = Release|Any CPU
	EndGlobalSection
	GlobalSection(SolutionProperties) = preSolution
		HideSolutionNode = FALSE
	EndGlobalSection
	GlobalSection(ExtensibilityGlobals) = postSolution
		SolutionGuid = {E04B526B-08EC-4CD5-9FD4-90AD4FDF6ACF}
	EndGlobalSection
EndGlobal
