
Microsoft Visual Studio Solution File, Format Version 12.00
# Visual Studio Version 17
VisualStudioVersion = 17.0.31521.260
MinimumVisualStudioVersion = 10.0.40219.1
Project("{9A19103F-16F7-4668-BE54-9A1E7A4F7556}") = "TwentyOne", "TwentyOne.csproj", "{DD7BE55D-84B9-4138-B948-88F301610E0C}"
EndProject
Project("{FAE04EC0-301F-11D3-BF4B-00C04F79EFBC}") = "Casino", "..\Casino\Casino.csproj", "{24905266-2053-4212-A338-CF449D56F3F4}"
EndProject
Global
	GlobalSection(SolutionConfigurationPlatforms) = preSolution
		Debug|Any CPU = Debug|Any CPU
		Release|Any CPU = Release|Any CPU
	EndGlobalSection
	GlobalSection(ProjectConfigurationPlatforms) = postSolution
		{DD7BE55D-84B9-4138-B948-88F301610E0C}.Debug|Any CPU.ActiveCfg = Debug|Any CPU
		{DD7BE55D-84B9-4138-B948-88F301610E0C}.Debug|Any CPU.Build.0 = Debug|Any CPU
		{DD7BE55D-84B9-4138-B948-88F301610E0C}.Release|Any CPU.ActiveCfg = Release|Any CPU
		{DD7BE55D-84B9-4138-B948-88F301610E0C}.Release|Any CPU.Build.0 = Release|Any CPU
		{24905266-2053-4212-A338-CF449D56F3F4}.Debug|Any CPU.ActiveCfg = Debug|Any CPU
		{24905266-2053-4212-A338-CF449D56F3F4}.Debug|Any CPU.Build.0 = Debug|Any CPU
		{24905266-2053-4212-A338-CF449D56F3F4}.Release|Any CPU.ActiveCfg = Release|Any CPU
		{24905266-2053-4212-A338-CF449D56F3F4}.Release|Any CPU.Build.0 = Release|Any CPU
	EndGlobalSection
	GlobalSection(SolutionProperties) = preSolution
		HideSolutionNode = FALSE
	EndGlobalSection
	GlobalSection(ExtensibilityGlobals) = postSolution
		SolutionGuid = {8B201C8D-9082-42A2-9B40-E237D758B180}
	EndGlobalSection
EndGlobal
