
Microsoft Visual Studio Solution File, Format Version 12.00
# Visual Studio Version 17
VisualStudioVersion = 17.0.31521.260
MinimumVisualStudioVersion = 10.0.40219.1
Project("{FAE04EC0-301F-11D3-BF4B-00C04F79EFBC}") = "DaysOfWeek", "DaysOfWeek.csproj", "{4B356D9D-21D4-450E-B849-501BA4D88F1A}"
EndProject
Global
	GlobalSection(SolutionConfigurationPlatforms) = preSolution
		Debug|Any CPU = Debug|Any CPU
		Release|Any CPU = Release|Any CPU
	EndGlobalSection
	GlobalSection(ProjectConfigurationPlatforms) = postSolution
		{4B356D9D-21D4-450E-B849-501BA4D88F1A}.Debug|Any CPU.ActiveCfg = Debug|Any CPU
		{4B356D9D-21D4-450E-B849-501BA4D88F1A}.Debug|Any CPU.Build.0 = Debug|Any CPU
		{4B356D9D-21D4-450E-B849-501BA4D88F1A}.Release|Any CPU.ActiveCfg = Release|Any CPU
		{4B356D9D-21D4-450E-B849-501BA4D88F1A}.Release|Any CPU.Build.0 = Release|Any CPU
	EndGlobalSection
	GlobalSection(SolutionProperties) = preSolution
		HideSolutionNode = FALSE
	EndGlobalSection
	GlobalSection(ExtensibilityGlobals) = postSolution
		SolutionGuid = {8B67301D-1A2B-4BB0-A4CC-DA223D65DC35}
	EndGlobalSection
EndGlobal
